
Microsoft Visual Studio Solution File, Format Version 12.00
# Visual Studio Version 17
VisualStudioVersion = 17.1.32210.238
MinimumVisualStudioVersion = 10.0.40219.1
Project("{FAE04EC0-301F-11D3-BF4B-00C04F79EFBC}") = "Host", "Host\Host.csproj", "{84014080-1AC0-4B73-B4FE-F29B60E78503}"
EndProject
Project("{FAE04EC0-301F-11D3-BF4B-00C04F79EFBC}") = "Client", "Client\Client.csproj", "{52AAF07C-EB11-49EB-B413-116FCEABF9AF}"
EndProject
Global
	GlobalSection(SolutionConfigurationPlatforms) = preSolution
		Debug|Any CPU = Debug|Any CPU
		Release|Any CPU = Release|Any CPU
	EndGlobalSection
	GlobalSection(ProjectConfigurationPlatforms) = postSolution
		{84014080-1AC0-4B73-B4FE-F29B60E78503}.Debug|Any CPU.ActiveCfg = Debug|Any CPU
		{84014080-1AC0-4B73-B4FE-F29B60E78503}.Debug|Any CPU.Build.0 = Debug|Any CPU
		{84014080-1AC0-4B73-B4FE-F29B60E78503}.Release|Any CPU.ActiveCfg = Release|Any CPU
		{84014080-1AC0-4B73-B4FE-F29B60E78503}.Release|Any CPU.Build.0 = Release|Any CPU
		{52AAF07C-EB11-49EB-B413-116FCEABF9AF}.Debug|Any CPU.ActiveCfg = Debug|Any CPU
		{52AAF07C-EB11-49EB-B413-116FCEABF9AF}.Debug|Any CPU.Build.0 = Debug|Any CPU
		{52AAF07C-EB11-49EB-B413-116FCEABF9AF}.Release|Any CPU.ActiveCfg = Release|Any CPU
		{52AAF07C-EB11-49EB-B413-116FCEABF9AF}.Release|Any CPU.Build.0 = Release|Any CPU
	EndGlobalSection
	GlobalSection(SolutionProperties) = preSolution
		HideSolutionNode = FALSE
	EndGlobalSection
	GlobalSection(ExtensibilityGlobals) = postSolution
		SolutionGuid = {4981068F-E1D8-4790-80F2-04A1DC8799D9}
	EndGlobalSection
EndGlobal
